
Microsoft Visual Studio Solution File, Format Version 12.00
# Visual Studio Version 17
VisualStudioVersion = 17.0.31912.275
MinimumVisualStudioVersion = 10.0.40219.1
Project("{9A19103F-16F7-4668-BE54-9A1E7A4F7556}") = "ServerApi", "Models\AspNetWebApi\ServerApi\ServerApi.csproj", "{11F05638-7E2F-4027-AEC9-6037265DBCB6}"
EndProject
Project("{9A19103F-16F7-4668-BE54-9A1E7A4F7556}") = "Models", "Models\Models\Models.csproj", "{A94B97A0-DBDF-410A-8325-7F5E5C756DA0}"
EndProject
Project("{9A19103F-16F7-4668-BE54-9A1E7A4F7556}") = "ModelsTests", "Models\ModelsTests\ModelsTests.csproj", "{23BB8F9D-8FF2-4CB4-BA1D-7006FA536F28}"
EndProject
Project("{2150E333-8FDC-42A3-9474-1A3956D46DE8}") = "WeatherBonus", "WeatherBonus", "{10EFAD30-54C6-497D-8BA1-4CA494EC330F}"
EndProject
Project("{9A19103F-16F7-4668-BE54-9A1E7A4F7556}") = "ApiKeysData", "WeatherBonus\ApiKeysData\ApiKeysData.csproj", "{71D8E461-F4AC-4D43-9CDC-AAD66AD581F9}"
EndProject
Project("{9A19103F-16F7-4668-BE54-9A1E7A4F7556}") = "GetLocation", "WeatherBonus\GetLocation\GetLocation.csproj", "{BB333818-F94E-41FA-84D4-758C222B6C3A}"
EndProject
Project("{9A19103F-16F7-4668-BE54-9A1E7A4F7556}") = "OpenWeatherMapApi", "WeatherBonus\OpenWeatherMapApi\OpenWeatherMapApi.csproj", "{D22A332E-3EF6-4F90-9C39-A1E2208D7880}"
EndProject
Project("{9A19103F-16F7-4668-BE54-9A1E7A4F7556}") = "OpenWeatherMapApiTests", "WeatherBonus\OpenWeatherMapApiTests\OpenWeatherMapApiTests.csproj", "{BA613C85-DCC4-401B-B670-64EE521FCFF4}"
EndProject
Project("{9A19103F-16F7-4668-BE54-9A1E7A4F7556}") = "BonusHelper", "WeatherBonus\BonusHelper\BonusHelper.csproj", "{66D0D658-B37D-4ACD-9FD4-68066FD1DE31}"
EndProject
Project("{9A19103F-16F7-4668-BE54-9A1E7A4F7556}") = "ViewModelBase", "ViewModels\ViewModelBase\ViewModelBase.csproj", "{AE182AD3-28A3-4587-A0FD-B2FAA649D41B}"
EndProject
Project("{9A19103F-16F7-4668-BE54-9A1E7A4F7556}") = "ViewModels", "ViewModels\ViewModels\ViewModels.csproj", "{62BC9669-4052-4C0A-A486-C18390B8BED9}"
EndProject
Project("{9A19103F-16F7-4668-BE54-9A1E7A4F7556}") = "WpfApp", "Views\WpfApp\WpfApp.csproj", "{336DDF53-F5BA-4455-982D-13C20ABAE5B1}"
EndProject
Project("{FAE04EC0-301F-11D3-BF4B-00C04F79EFBC}") = "UwpApp", "Views\UwpApp\UwpApp.csproj", "{5ADDC6D1-AB03-4D86-9468-3A8278A7A0E1}"
EndProject
Global
	GlobalSection(SolutionConfigurationPlatforms) = preSolution
		Debug|Any CPU = Debug|Any CPU
		Debug|ARM = Debug|ARM
		Debug|ARM64 = Debug|ARM64
		Debug|x64 = Debug|x64
		Debug|x86 = Debug|x86
		Release|Any CPU = Release|Any CPU
		Release|ARM = Release|ARM
		Release|ARM64 = Release|ARM64
		Release|x64 = Release|x64
		Release|x86 = Release|x86
	EndGlobalSection
	GlobalSection(ProjectConfigurationPlatforms) = postSolution
		{11F05638-7E2F-4027-AEC9-6037265DBCB6}.Debug|Any CPU.ActiveCfg = Debug|Any CPU
		{11F05638-7E2F-4027-AEC9-6037265DBCB6}.Debug|Any CPU.Build.0 = Debug|Any CPU
		{11F05638-7E2F-4027-AEC9-6037265DBCB6}.Debug|ARM.ActiveCfg = Debug|Any CPU
		{11F05638-7E2F-4027-AEC9-6037265DBCB6}.Debug|ARM.Build.0 = Debug|Any CPU
		{11F05638-7E2F-4027-AEC9-6037265DBCB6}.Debug|ARM64.ActiveCfg = Debug|Any CPU
		{11F05638-7E2F-4027-AEC9-6037265DBCB6}.Debug|ARM64.Build.0 = Debug|Any CPU
		{11F05638-7E2F-4027-AEC9-6037265DBCB6}.Debug|x64.ActiveCfg = Debug|Any CPU
		{11F05638-7E2F-4027-AEC9-6037265DBCB6}.Debug|x64.Build.0 = Debug|Any CPU
		{11F05638-7E2F-4027-AEC9-6037265DBCB6}.Debug|x86.ActiveCfg = Debug|Any CPU
		{11F05638-7E2F-4027-AEC9-6037265DBCB6}.Debug|x86.Build.0 = Debug|Any CPU
		{11F05638-7E2F-4027-AEC9-6037265DBCB6}.Release|Any CPU.ActiveCfg = Release|Any CPU
		{11F05638-7E2F-4027-AEC9-6037265DBCB6}.Release|Any CPU.Build.0 = Release|Any CPU
		{11F05638-7E2F-4027-AEC9-6037265DBCB6}.Release|ARM.ActiveCfg = Release|Any CPU
		{11F05638-7E2F-4027-AEC9-6037265DBCB6}.Release|ARM.Build.0 = Release|Any CPU
		{11F05638-7E2F-4027-AEC9-6037265DBCB6}.Release|ARM64.ActiveCfg = Release|Any CPU
		{11F05638-7E2F-4027-AEC9-6037265DBCB6}.Release|ARM64.Build.0 = Release|Any CPU
		{11F05638-7E2F-4027-AEC9-6037265DBCB6}.Release|x64.ActiveCfg = Release|Any CPU
		{11F05638-7E2F-4027-AEC9-6037265DBCB6}.Release|x64.Build.0 = Release|Any CPU
		{11F05638-7E2F-4027-AEC9-6037265DBCB6}.Release|x86.ActiveCfg = Release|Any CPU
		{11F05638-7E2F-4027-AEC9-6037265DBCB6}.Release|x86.Build.0 = Release|Any CPU
		{A94B97A0-DBDF-410A-8325-7F5E5C756DA0}.Debug|Any CPU.ActiveCfg = Debug|Any CPU
		{A94B97A0-DBDF-410A-8325-7F5E5C756DA0}.Debug|Any CPU.Build.0 = Debug|Any CPU
		{A94B97A0-DBDF-410A-8325-7F5E5C756DA0}.Debug|ARM.ActiveCfg = Debug|Any CPU
		{A94B97A0-DBDF-410A-8325-7F5E5C756DA0}.Debug|ARM.Build.0 = Debug|Any CPU
		{A94B97A0-DBDF-410A-8325-7F5E5C756DA0}.Debug|ARM64.ActiveCfg = Debug|Any CPU
		{A94B97A0-DBDF-410A-8325-7F5E5C756DA0}.Debug|ARM64.Build.0 = Debug|Any CPU
		{A94B97A0-DBDF-410A-8325-7F5E5C756DA0}.Debug|x64.ActiveCfg = Debug|Any CPU
		{A94B97A0-DBDF-410A-8325-7F5E5C756DA0}.Debug|x64.Build.0 = Debug|Any CPU
		{A94B97A0-DBDF-410A-8325-7F5E5C756DA0}.Debug|x86.ActiveCfg = Debug|Any CPU
		{A94B97A0-DBDF-410A-8325-7F5E5C756DA0}.Debug|x86.Build.0 = Debug|Any CPU
		{A94B97A0-DBDF-410A-8325-7F5E5C756DA0}.Release|Any CPU.ActiveCfg = Release|Any CPU
		{A94B97A0-DBDF-410A-8325-7F5E5C756DA0}.Release|Any CPU.Build.0 = Release|Any CPU
		{A94B97A0-DBDF-410A-8325-7F5E5C756DA0}.Release|ARM.ActiveCfg = Release|Any CPU
		{A94B97A0-DBDF-410A-8325-7F5E5C756DA0}.Release|ARM.Build.0 = Release|Any CPU
		{A94B97A0-DBDF-410A-8325-7F5E5C756DA0}.Release|ARM64.ActiveCfg = Release|Any CPU
		{A94B97A0-DBDF-410A-8325-7F5E5C756DA0}.Release|ARM64.Build.0 = Release|Any CPU
		{A94B97A0-DBDF-410A-8325-7F5E5C756DA0}.Release|x64.ActiveCfg = Release|Any CPU
		{A94B97A0-DBDF-410A-8325-7F5E5C756DA0}.Release|x64.Build.0 = Release|Any CPU
		{A94B97A0-DBDF-410A-8325-7F5E5C756DA0}.Release|x86.ActiveCfg = Release|Any CPU
		{A94B97A0-DBDF-410A-8325-7F5E5C756DA0}.Release|x86.Build.0 = Release|Any CPU
		{23BB8F9D-8FF2-4CB4-BA1D-7006FA536F28}.Debug|Any CPU.ActiveCfg = Debug|Any CPU
		{23BB8F9D-8FF2-4CB4-BA1D-7006FA536F28}.Debug|Any CPU.Build.0 = Debug|Any CPU
		{23BB8F9D-8FF2-4CB4-BA1D-7006FA536F28}.Debug|ARM.ActiveCfg = Debug|Any CPU
		{23BB8F9D-8FF2-4CB4-BA1D-7006FA536F28}.Debug|ARM.Build.0 = Debug|Any CPU
		{23BB8F9D-8FF2-4CB4-BA1D-7006FA536F28}.Debug|ARM64.ActiveCfg = Debug|Any CPU
		{23BB8F9D-8FF2-4CB4-BA1D-7006FA536F28}.Debug|ARM64.Build.0 = Debug|Any CPU
		{23BB8F9D-8FF2-4CB4-BA1D-7006FA536F28}.Debug|x64.ActiveCfg = Debug|Any CPU
		{23BB8F9D-8FF2-4CB4-BA1D-7006FA536F28}.Debug|x64.Build.0 = Debug|Any CPU
		{23BB8F9D-8FF2-4CB4-BA1D-7006FA536F28}.Debug|x86.ActiveCfg = Debug|Any CPU
		{23BB8F9D-8FF2-4CB4-BA1D-7006FA536F28}.Debug|x86.Build.0 = Debug|Any CPU
		{23BB8F9D-8FF2-4CB4-BA1D-7006FA536F28}.Release|Any CPU.ActiveCfg = Release|Any CPU
		{23BB8F9D-8FF2-4CB4-BA1D-7006FA536F28}.Release|Any CPU.Build.0 = Release|Any CPU
		{23BB8F9D-8FF2-4CB4-BA1D-7006FA536F28}.Release|ARM.ActiveCfg = Release|Any CPU
		{23BB8F9D-8FF2-4CB4-BA1D-7006FA536F28}.Release|ARM.Build.0 = Release|Any CPU
		{23BB8F9D-8FF2-4CB4-BA1D-7006FA536F28}.Release|ARM64.ActiveCfg = Release|Any CPU
		{23BB8F9D-8FF2-4CB4-BA1D-7006FA536F28}.Release|ARM64.Build.0 = Release|Any CPU
		{23BB8F9D-8FF2-4CB4-BA1D-7006FA536F28}.Release|x64.ActiveCfg = Release|Any CPU
		{23BB8F9D-8FF2-4CB4-BA1D-7006FA536F28}.Release|x64.Build.0 = Release|Any CPU
		{23BB8F9D-8FF2-4CB4-BA1D-7006FA536F28}.Release|x86.ActiveCfg = Release|Any CPU
		{23BB8F9D-8FF2-4CB4-BA1D-7006FA536F28}.Release|x86.Build.0 = Release|Any CPU
		{71D8E461-F4AC-4D43-9CDC-AAD66AD581F9}.Debug|Any CPU.ActiveCfg = Debug|Any CPU
		{71D8E461-F4AC-4D43-9CDC-AAD66AD581F9}.Debug|Any CPU.Build.0 = Debug|Any CPU
		{71D8E461-F4AC-4D43-9CDC-AAD66AD581F9}.Debug|ARM.ActiveCfg = Debug|Any CPU
		{71D8E461-F4AC-4D43-9CDC-AAD66AD581F9}.Debug|ARM.Build.0 = Debug|Any CPU
		{71D8E461-F4AC-4D43-9CDC-AAD66AD581F9}.Debug|ARM64.ActiveCfg = Debug|Any CPU
		{71D8E461-F4AC-4D43-9CDC-AAD66AD581F9}.Debug|ARM64.Build.0 = Debug|Any CPU
		{71D8E461-F4AC-4D43-9CDC-AAD66AD581F9}.Debug|x64.ActiveCfg = Debug|Any CPU
		{71D8E461-F4AC-4D43-9CDC-AAD66AD581F9}.Debug|x64.Build.0 = Debug|Any CPU
		{71D8E461-F4AC-4D43-9CDC-AAD66AD581F9}.Debug|x86.ActiveCfg = Debug|Any CPU
		{71D8E461-F4AC-4D43-9CDC-AAD66AD581F9}.Debug|x86.Build.0 = Debug|Any CPU
		{71D8E461-F4AC-4D43-9CDC-AAD66AD581F9}.Release|Any CPU.ActiveCfg = Release|Any CPU
		{71D8E461-F4AC-4D43-9CDC-AAD66AD581F9}.Release|Any CPU.Build.0 = Release|Any CPU
		{71D8E461-F4AC-4D43-9CDC-AAD66AD581F9}.Release|ARM.ActiveCfg = Release|Any CPU
		{71D8E461-F4AC-4D43-9CDC-AAD66AD581F9}.Release|ARM.Build.0 = Release|Any CPU
		{71D8E461-F4AC-4D43-9CDC-AAD66AD581F9}.Release|ARM64.ActiveCfg = Release|Any CPU
		{71D8E461-F4AC-4D43-9CDC-AAD66AD581F9}.Release|ARM64.Build.0 = Release|Any CPU
		{71D8E461-F4AC-4D43-9CDC-AAD66AD581F9}.Release|x64.ActiveCfg = Release|Any CPU
		{71D8E461-F4AC-4D43-9CDC-AAD66AD581F9}.Release|x64.Build.0 = Release|Any CPU
		{71D8E461-F4AC-4D43-9CDC-AAD66AD581F9}.Release|x86.ActiveCfg = Release|Any CPU
		{71D8E461-F4AC-4D43-9CDC-AAD66AD581F9}.Release|x86.Build.0 = Release|Any CPU
		{BB333818-F94E-41FA-84D4-758C222B6C3A}.Debug|Any CPU.ActiveCfg = Debug|Any CPU
		{BB333818-F94E-41FA-84D4-758C222B6C3A}.Debug|Any CPU.Build.0 = Debug|Any CPU
		{BB333818-F94E-41FA-84D4-758C222B6C3A}.Debug|ARM.ActiveCfg = Debug|Any CPU
		{BB333818-F94E-41FA-84D4-758C222B6C3A}.Debug|ARM.Build.0 = Debug|Any CPU
		{BB333818-F94E-41FA-84D4-758C222B6C3A}.Debug|ARM64.ActiveCfg = Debug|Any CPU
		{BB333818-F94E-41FA-84D4-758C222B6C3A}.Debug|ARM64.Build.0 = Debug|Any CPU
		{BB333818-F94E-41FA-84D4-758C222B6C3A}.Debug|x64.ActiveCfg = Debug|Any CPU
		{BB333818-F94E-41FA-84D4-758C222B6C3A}.Debug|x64.Build.0 = Debug|Any CPU
		{BB333818-F94E-41FA-84D4-758C222B6C3A}.Debug|x86.ActiveCfg = Debug|Any CPU
		{BB333818-F94E-41FA-84D4-758C222B6C3A}.Debug|x86.Build.0 = Debug|Any CPU
		{BB333818-F94E-41FA-84D4-758C222B6C3A}.Release|Any CPU.ActiveCfg = Release|Any CPU
		{BB333818-F94E-41FA-84D4-758C222B6C3A}.Release|Any CPU.Build.0 = Release|Any CPU
		{BB333818-F94E-41FA-84D4-758C222B6C3A}.Release|ARM.ActiveCfg = Release|Any CPU
		{BB333818-F94E-41FA-84D4-758C222B6C3A}.Release|ARM.Build.0 = Release|Any CPU
		{BB333818-F94E-41FA-84D4-758C222B6C3A}.Release|ARM64.ActiveCfg = Release|Any CPU
		{BB333818-F94E-41FA-84D4-758C222B6C3A}.Release|ARM64.Build.0 = Release|Any CPU
		{BB333818-F94E-41FA-84D4-758C222B6C3A}.Release|x64.ActiveCfg = Release|Any CPU
		{BB333818-F94E-41FA-84D4-758C222B6C3A}.Release|x64.Build.0 = Release|Any CPU
		{BB333818-F94E-41FA-84D4-758C222B6C3A}.Release|x86.ActiveCfg = Release|Any CPU
		{BB333818-F94E-41FA-84D4-758C222B6C3A}.Release|x86.Build.0 = Release|Any CPU
		{D22A332E-3EF6-4F90-9C39-A1E2208D7880}.Debug|Any CPU.ActiveCfg = Debug|Any CPU
		{D22A332E-3EF6-4F90-9C39-A1E2208D7880}.Debug|Any CPU.Build.0 = Debug|Any CPU
		{D22A332E-3EF6-4F90-9C39-A1E2208D7880}.Debug|ARM.ActiveCfg = Debug|Any CPU
		{D22A332E-3EF6-4F90-9C39-A1E2208D7880}.Debug|ARM.Build.0 = Debug|Any CPU
		{D22A332E-3EF6-4F90-9C39-A1E2208D7880}.Debug|ARM64.ActiveCfg = Debug|Any CPU
		{D22A332E-3EF6-4F90-9C39-A1E2208D7880}.Debug|ARM64.Build.0 = Debug|Any CPU
		{D22A332E-3EF6-4F90-9C39-A1E2208D7880}.Debug|x64.ActiveCfg = Debug|Any CPU
		{D22A332E-3EF6-4F90-9C39-A1E2208D7880}.Debug|x64.Build.0 = Debug|Any CPU
		{D22A332E-3EF6-4F90-9C39-A1E2208D7880}.Debug|x86.ActiveCfg = Debug|Any CPU
		{D22A332E-3EF6-4F90-9C39-A1E2208D7880}.Debug|x86.Build.0 = Debug|Any CPU
		{D22A332E-3EF6-4F90-9C39-A1E2208D7880}.Release|Any CPU.ActiveCfg = Release|Any CPU
		{D22A332E-3EF6-4F90-9C39-A1E2208D7880}.Release|Any CPU.Build.0 = Release|Any CPU
		{D22A332E-3EF6-4F90-9C39-A1E2208D7880}.Release|ARM.ActiveCfg = Release|Any CPU
		{D22A332E-3EF6-4F90-9C39-A1E2208D7880}.Release|ARM.Build.0 = Release|Any CPU
		{D22A332E-3EF6-4F90-9C39-A1E2208D7880}.Release|ARM64.ActiveCfg = Release|Any CPU
		{D22A332E-3EF6-4F90-9C39-A1E2208D7880}.Release|ARM64.Build.0 = Release|Any CPU
		{D22A332E-3EF6-4F90-9C39-A1E2208D7880}.Release|x64.ActiveCfg = Release|Any CPU
		{D22A332E-3EF6-4F90-9C39-A1E2208D7880}.Release|x64.Build.0 = Release|Any CPU
		{D22A332E-3EF6-4F90-9C39-A1E2208D7880}.Release|x86.ActiveCfg = Release|Any CPU
		{D22A332E-3EF6-4F90-9C39-A1E2208D7880}.Release|x86.Build.0 = Release|Any CPU
		{BA613C85-DCC4-401B-B670-64EE521FCFF4}.Debug|Any CPU.ActiveCfg = Debug|Any CPU
		{BA613C85-DCC4-401B-B670-64EE521FCFF4}.Debug|Any CPU.Build.0 = Debug|Any CPU
		{BA613C85-DCC4-401B-B670-64EE521FCFF4}.Debug|ARM.ActiveCfg = Debug|Any CPU
		{BA613C85-DCC4-401B-B670-64EE521FCFF4}.Debug|ARM.Build.0 = Debug|Any CPU
		{BA613C85-DCC4-401B-B670-64EE521FCFF4}.Debug|ARM64.ActiveCfg = Debug|Any CPU
		{BA613C85-DCC4-401B-B670-64EE521FCFF4}.Debug|ARM64.Build.0 = Debug|Any CPU
		{BA613C85-DCC4-401B-B670-64EE521FCFF4}.Debug|x64.ActiveCfg = Debug|Any CPU
		{BA613C85-DCC4-401B-B670-64EE521FCFF4}.Debug|x64.Build.0 = Debug|Any CPU
		{BA613C85-DCC4-401B-B670-64EE521FCFF4}.Debug|x86.ActiveCfg = Debug|Any CPU
		{BA613C85-DCC4-401B-B670-64EE521FCFF4}.Debug|x86.Build.0 = Debug|Any CPU
		{BA613C85-DCC4-401B-B670-64EE521FCFF4}.Release|Any CPU.ActiveCfg = Release|Any CPU
		{BA613C85-DCC4-401B-B670-64EE521FCFF4}.Release|Any CPU.Build.0 = Release|Any CPU
		{BA613C85-DCC4-401B-B670-64EE521FCFF4}.Release|ARM.ActiveCfg = Release|Any CPU
		{BA613C85-DCC4-401B-B670-64EE521FCFF4}.Release|ARM.Build.0 = Release|Any CPU
		{BA613C85-DCC4-401B-B670-64EE521FCFF4}.Release|ARM64.ActiveCfg = Release|Any CPU
		{BA613C85-DCC4-401B-B670-64EE521FCFF4}.Release|ARM64.Build.0 = Release|Any CPU
		{BA613C85-DCC4-401B-B670-64EE521FCFF4}.Release|x64.ActiveCfg = Release|Any CPU
		{BA613C85-DCC4-401B-B670-64EE521FCFF4}.Release|x64.Build.0 = Release|Any CPU
		{BA613C85-DCC4-401B-B670-64EE521FCFF4}.Release|x86.ActiveCfg = Release|Any CPU
		{BA613C85-DCC4-401B-B670-64EE521FCFF4}.Release|x86.Build.0 = Release|Any CPU
		{66D0D658-B37D-4ACD-9FD4-68066FD1DE31}.Debug|Any CPU.ActiveCfg = Debug|Any CPU
		{66D0D658-B37D-4ACD-9FD4-68066FD1DE31}.Debug|Any CPU.Build.0 = Debug|Any CPU
		{66D0D658-B37D-4ACD-9FD4-68066FD1DE31}.Debug|ARM.ActiveCfg = Debug|Any CPU
		{66D0D658-B37D-4ACD-9FD4-68066FD1DE31}.Debug|ARM.Build.0 = Debug|Any CPU
		{66D0D658-B37D-4ACD-9FD4-68066FD1DE31}.Debug|ARM64.ActiveCfg = Debug|Any CPU
		{66D0D658-B37D-4ACD-9FD4-68066FD1DE31}.Debug|ARM64.Build.0 = Debug|Any CPU
		{66D0D658-B37D-4ACD-9FD4-68066FD1DE31}.Debug|x64.ActiveCfg = Debug|Any CPU
		{66D0D658-B37D-4ACD-9FD4-68066FD1DE31}.Debug|x64.Build.0 = Debug|Any CPU
		{66D0D658-B37D-4ACD-9FD4-68066FD1DE31}.Debug|x86.ActiveCfg = Debug|Any CPU
		{66D0D658-B37D-4ACD-9FD4-68066FD1DE31}.Debug|x86.Build.0 = Debug|Any CPU
		{66D0D658-B37D-4ACD-9FD4-68066FD1DE31}.Release|Any CPU.ActiveCfg = Release|Any CPU
		{66D0D658-B37D-4ACD-9FD4-68066FD1DE31}.Release|Any CPU.Build.0 = Release|Any CPU
		{66D0D658-B37D-4ACD-9FD4-68066FD1DE31}.Release|ARM.ActiveCfg = Release|Any CPU
		{66D0D658-B37D-4ACD-9FD4-68066FD1DE31}.Release|ARM.Build.0 = Release|Any CPU
		{66D0D658-B37D-4ACD-9FD4-68066FD1DE31}.Release|ARM64.ActiveCfg = Release|Any CPU
		{66D0D658-B37D-4ACD-9FD4-68066FD1DE31}.Release|ARM64.Build.0 = Release|Any CPU
		{66D0D658-B37D-4ACD-9FD4-68066FD1DE31}.Release|x64.ActiveCfg = Release|Any CPU
		{66D0D658-B37D-4ACD-9FD4-68066FD1DE31}.Release|x64.Build.0 = Release|Any CPU
		{66D0D658-B37D-4ACD-9FD4-68066FD1DE31}.Release|x86.ActiveCfg = Release|Any CPU
		{66D0D658-B37D-4ACD-9FD4-68066FD1DE31}.Release|x86.Build.0 = Release|Any CPU
		{AE182AD3-28A3-4587-A0FD-B2FAA649D41B}.Debug|Any CPU.ActiveCfg = Debug|Any CPU
		{AE182AD3-28A3-4587-A0FD-B2FAA649D41B}.Debug|Any CPU.Build.0 = Debug|Any CPU
		{AE182AD3-28A3-4587-A0FD-B2FAA649D41B}.Debug|ARM.ActiveCfg = Debug|Any CPU
		{AE182AD3-28A3-4587-A0FD-B2FAA649D41B}.Debug|ARM.Build.0 = Debug|Any CPU
		{AE182AD3-28A3-4587-A0FD-B2FAA649D41B}.Debug|ARM64.ActiveCfg = Debug|Any CPU
		{AE182AD3-28A3-4587-A0FD-B2FAA649D41B}.Debug|ARM64.Build.0 = Debug|Any CPU
		{AE182AD3-28A3-4587-A0FD-B2FAA649D41B}.Debug|x64.ActiveCfg = Debug|Any CPU
		{AE182AD3-28A3-4587-A0FD-B2FAA649D41B}.Debug|x64.Build.0 = Debug|Any CPU
		{AE182AD3-28A3-4587-A0FD-B2FAA649D41B}.Debug|x86.ActiveCfg = Debug|Any CPU
		{AE182AD3-28A3-4587-A0FD-B2FAA649D41B}.Debug|x86.Build.0 = Debug|Any CPU
		{AE182AD3-28A3-4587-A0FD-B2FAA649D41B}.Release|Any CPU.ActiveCfg = Release|Any CPU
		{AE182AD3-28A3-4587-A0FD-B2FAA649D41B}.Release|Any CPU.Build.0 = Release|Any CPU
		{AE182AD3-28A3-4587-A0FD-B2FAA649D41B}.Release|ARM.ActiveCfg = Release|Any CPU
		{AE182AD3-28A3-4587-A0FD-B2FAA649D41B}.Release|ARM.Build.0 = Release|Any CPU
		{AE182AD3-28A3-4587-A0FD-B2FAA649D41B}.Release|ARM64.ActiveCfg = Release|Any CPU
		{AE182AD3-28A3-4587-A0FD-B2FAA649D41B}.Release|ARM64.Build.0 = Release|Any CPU
		{AE182AD3-28A3-4587-A0FD-B2FAA649D41B}.Release|x64.ActiveCfg = Release|Any CPU
		{AE182AD3-28A3-4587-A0FD-B2FAA649D41B}.Release|x64.Build.0 = Release|Any CPU
		{AE182AD3-28A3-4587-A0FD-B2FAA649D41B}.Release|x86.ActiveCfg = Release|Any CPU
		{AE182AD3-28A3-4587-A0FD-B2FAA649D41B}.Release|x86.Build.0 = Release|Any CPU
		{62BC9669-4052-4C0A-A486-C18390B8BED9}.Debug|Any CPU.ActiveCfg = Debug|Any CPU
		{62BC9669-4052-4C0A-A486-C18390B8BED9}.Debug|Any CPU.Build.0 = Debug|Any CPU
		{62BC9669-4052-4C0A-A486-C18390B8BED9}.Debug|ARM.ActiveCfg = Debug|Any CPU
		{62BC9669-4052-4C0A-A486-C18390B8BED9}.Debug|ARM.Build.0 = Debug|Any CPU
		{62BC9669-4052-4C0A-A486-C18390B8BED9}.Debug|ARM64.ActiveCfg = Debug|Any CPU
		{62BC9669-4052-4C0A-A486-C18390B8BED9}.Debug|ARM64.Build.0 = Debug|Any CPU
		{62BC9669-4052-4C0A-A486-C18390B8BED9}.Debug|x64.ActiveCfg = Debug|Any CPU
		{62BC9669-4052-4C0A-A486-C18390B8BED9}.Debug|x64.Build.0 = Debug|Any CPU
		{62BC9669-4052-4C0A-A486-C18390B8BED9}.Debug|x86.ActiveCfg = Debug|Any CPU
		{62BC9669-4052-4C0A-A486-C18390B8BED9}.Debug|x86.Build.0 = Debug|Any CPU
		{62BC9669-4052-4C0A-A486-C18390B8BED9}.Release|Any CPU.ActiveCfg = Release|Any CPU
		{62BC9669-4052-4C0A-A486-C18390B8BED9}.Release|Any CPU.Build.0 = Release|Any CPU
		{62BC9669-4052-4C0A-A486-C18390B8BED9}.Release|ARM.ActiveCfg = Release|Any CPU
		{62BC9669-4052-4C0A-A486-C18390B8BED9}.Release|ARM.Build.0 = Release|Any CPU
		{62BC9669-4052-4C0A-A486-C18390B8BED9}.Release|ARM64.ActiveCfg = Release|Any CPU
		{62BC9669-4052-4C0A-A486-C18390B8BED9}.Release|ARM64.Build.0 = Release|Any CPU
		{62BC9669-4052-4C0A-A486-C18390B8BED9}.Release|x64.ActiveCfg = Release|Any CPU
		{62BC9669-4052-4C0A-A486-C18390B8BED9}.Release|x64.Build.0 = Release|Any CPU
		{62BC9669-4052-4C0A-A486-C18390B8BED9}.Release|x86.ActiveCfg = Release|Any CPU
		{62BC9669-4052-4C0A-A486-C18390B8BED9}.Release|x86.Build.0 = Release|Any CPU
		{336DDF53-F5BA-4455-982D-13C20ABAE5B1}.Debug|Any CPU.ActiveCfg = Debug|Any CPU
		{336DDF53-F5BA-4455-982D-13C20ABAE5B1}.Debug|Any CPU.Build.0 = Debug|Any CPU
		{336DDF53-F5BA-4455-982D-13C20ABAE5B1}.Debug|ARM.ActiveCfg = Debug|Any CPU
		{336DDF53-F5BA-4455-982D-13C20ABAE5B1}.Debug|ARM.Build.0 = Debug|Any CPU
		{336DDF53-F5BA-4455-982D-13C20ABAE5B1}.Debug|ARM64.ActiveCfg = Debug|Any CPU
		{336DDF53-F5BA-4455-982D-13C20ABAE5B1}.Debug|ARM64.Build.0 = Debug|Any CPU
		{336DDF53-F5BA-4455-982D-13C20ABAE5B1}.Debug|x64.ActiveCfg = Debug|Any CPU
		{336DDF53-F5BA-4455-982D-13C20ABAE5B1}.Debug|x64.Build.0 = Debug|Any CPU
		{336DDF53-F5BA-4455-982D-13C20ABAE5B1}.Debug|x86.ActiveCfg = Debug|Any CPU
		{336DDF53-F5BA-4455-982D-13C20ABAE5B1}.Debug|x86.Build.0 = Debug|Any CPU
		{336DDF53-F5BA-4455-982D-13C20ABAE5B1}.Release|Any CPU.ActiveCfg = Release|Any CPU
		{336DDF53-F5BA-4455-982D-13C20ABAE5B1}.Release|Any CPU.Build.0 = Release|Any CPU
		{336DDF53-F5BA-4455-982D-13C20ABAE5B1}.Release|ARM.ActiveCfg = Release|Any CPU
		{336DDF53-F5BA-4455-982D-13C20ABAE5B1}.Release|ARM.Build.0 = Release|Any CPU
		{336DDF53-F5BA-4455-982D-13C20ABAE5B1}.Release|ARM64.ActiveCfg = Release|Any CPU
		{336DDF53-F5BA-4455-982D-13C20ABAE5B1}.Release|ARM64.Build.0 = Release|Any CPU
		{336DDF53-F5BA-4455-982D-13C20ABAE5B1}.Release|x64.ActiveCfg = Release|Any CPU
		{336DDF53-F5BA-4455-982D-13C20ABAE5B1}.Release|x64.Build.0 = Release|Any CPU
		{336DDF53-F5BA-4455-982D-13C20ABAE5B1}.Release|x86.ActiveCfg = Release|Any CPU
		{336DDF53-F5BA-4455-982D-13C20ABAE5B1}.Release|x86.Build.0 = Release|Any CPU
		{5ADDC6D1-AB03-4D86-9468-3A8278A7A0E1}.Debug|Any CPU.ActiveCfg = Debug|x64
		{5ADDC6D1-AB03-4D86-9468-3A8278A7A0E1}.Debug|Any CPU.Build.0 = Debug|x64
		{5ADDC6D1-AB03-4D86-9468-3A8278A7A0E1}.Debug|Any CPU.Deploy.0 = Debug|x64
		{5ADDC6D1-AB03-4D86-9468-3A8278A7A0E1}.Debug|ARM.ActiveCfg = Debug|ARM
		{5ADDC6D1-AB03-4D86-9468-3A8278A7A0E1}.Debug|ARM.Build.0 = Debug|ARM
		{5ADDC6D1-AB03-4D86-9468-3A8278A7A0E1}.Debug|ARM.Deploy.0 = Debug|ARM
		{5ADDC6D1-AB03-4D86-9468-3A8278A7A0E1}.Debug|ARM64.ActiveCfg = Debug|ARM64
		{5ADDC6D1-AB03-4D86-9468-3A8278A7A0E1}.Debug|ARM64.Build.0 = Debug|ARM64
		{5ADDC6D1-AB03-4D86-9468-3A8278A7A0E1}.Debug|ARM64.Deploy.0 = Debug|ARM64
		{5ADDC6D1-AB03-4D86-9468-3A8278A7A0E1}.Debug|x64.ActiveCfg = Debug|x64
		{5ADDC6D1-AB03-4D86-9468-3A8278A7A0E1}.Debug|x64.Build.0 = Debug|x64
		{5ADDC6D1-AB03-4D86-9468-3A8278A7A0E1}.Debug|x64.Deploy.0 = Debug|x64
		{5ADDC6D1-AB03-4D86-9468-3A8278A7A0E1}.Debug|x86.ActiveCfg = Debug|x86
		{5ADDC6D1-AB03-4D86-9468-3A8278A7A0E1}.Debug|x86.Build.0 = Debug|x86
		{5ADDC6D1-AB03-4D86-9468-3A8278A7A0E1}.Debug|x86.Deploy.0 = Debug|x86
		{5ADDC6D1-AB03-4D86-9468-3A8278A7A0E1}.Release|Any CPU.ActiveCfg = Release|x64
		{5ADDC6D1-AB03-4D86-9468-3A8278A7A0E1}.Release|Any CPU.Build.0 = Release|x64
		{5ADDC6D1-AB03-4D86-9468-3A8278A7A0E1}.Release|Any CPU.Deploy.0 = Release|x64
		{5ADDC6D1-AB03-4D86-9468-3A8278A7A0E1}.Release|ARM.ActiveCfg = Release|ARM
		{5ADDC6D1-AB03-4D86-9468-3A8278A7A0E1}.Release|ARM.Build.0 = Release|ARM
		{5ADDC6D1-AB03-4D86-9468-3A8278A7A0E1}.Release|ARM.Deploy.0 = Release|ARM
		{5ADDC6D1-AB03-4D86-9468-3A8278A7A0E1}.Release|ARM64.ActiveCfg = Release|ARM64
		{5ADDC6D1-AB03-4D86-9468-3A8278A7A0E1}.Release|ARM64.Build.0 = Release|ARM64
		{5ADDC6D1-AB03-4D86-9468-3A8278A7A0E1}.Release|ARM64.Deploy.0 = Release|ARM64
		{5ADDC6D1-AB03-4D86-9468-3A8278A7A0E1}.Release|x64.ActiveCfg = Release|x64
		{5ADDC6D1-AB03-4D86-9468-3A8278A7A0E1}.Release|x64.Build.0 = Release|x64
		{5ADDC6D1-AB03-4D86-9468-3A8278A7A0E1}.Release|x64.Deploy.0 = Release|x64
		{5ADDC6D1-AB03-4D86-9468-3A8278A7A0E1}.Release|x86.ActiveCfg = Release|x86
		{5ADDC6D1-AB03-4D86-9468-3A8278A7A0E1}.Release|x86.Build.0 = Release|x86
		{5ADDC6D1-AB03-4D86-9468-3A8278A7A0E1}.Release|x86.Deploy.0 = Release|x86
	EndGlobalSection
	GlobalSection(SolutionProperties) = preSolution
		HideSolutionNode = FALSE
	EndGlobalSection
	GlobalSection(NestedProjects) = preSolution
		{71D8E461-F4AC-4D43-9CDC-AAD66AD581F9} = {10EFAD30-54C6-497D-8BA1-4CA494EC330F}
		{BB333818-F94E-41FA-84D4-758C222B6C3A} = {10EFAD30-54C6-497D-8BA1-4CA494EC330F}
		{D22A332E-3EF6-4F90-9C39-A1E2208D7880} = {10EFAD30-54C6-497D-8BA1-4CA494EC330F}
		{BA613C85-DCC4-401B-B670-64EE521FCFF4} = {10EFAD30-54C6-497D-8BA1-4CA494EC330F}
		{66D0D658-B37D-4ACD-9FD4-68066FD1DE31} = {10EFAD30-54C6-497D-8BA1-4CA494EC330F}
	EndGlobalSection
	GlobalSection(ExtensibilityGlobals) = postSolution
		SolutionGuid = {4881DA94-753C-42DA-93BB-DC9819E428F0}
	EndGlobalSection
EndGlobal
