
Microsoft Visual Studio Solution File, Format Version 12.00
# Visual Studio Version 17
VisualStudioVersion = 17.0.31903.59
MinimumVisualStudioVersion = 10.0.40219.1
Project("{9A19103F-16F7-4668-BE54-9A1E7A4F7556}") = "ViewModelBase", "ViewModels\ViewModelBase\ViewModelBase.csproj", "{149D835B-6831-4A87-A0D4-C77D453A8DF8}"
EndProject
Project("{FAE04EC0-301F-11D3-BF4B-00C04F79EFBC}") = "Models", "Models\Models\Models.csproj", "{48847AF6-A6DA-433E-B9CD-8DDDF67B305B}"
EndProject
Project("{FAE04EC0-301F-11D3-BF4B-00C04F79EFBC}") = "ModelsTests", "Models\ModelsTests\ModelsTests.csproj", "{D5EE77C8-C1F7-45D9-B507-F3EB2F7DC49F}"
EndProject
Project("{FAE04EC0-301F-11D3-BF4B-00C04F79EFBC}") = "ViewModels", "ViewModels\ViewModels\ViewModels.csproj", "{AC933196-E235-4AFA-A0FC-9B0CAEFE164A}"
EndProject
Project("{FAE04EC0-301F-11D3-BF4B-00C04F79EFBC}") = "WpfApp", "Views\WpfApp\WpfApp.csproj", "{D174F8CC-51F1-4069-B78E-33DE1C1818A5}"
EndProject
Global
	GlobalSection(SolutionConfigurationPlatforms) = preSolution
		Debug|Any CPU = Debug|Any CPU
		Release|Any CPU = Release|Any CPU
	EndGlobalSection
	GlobalSection(ProjectConfigurationPlatforms) = postSolution
		{149D835B-6831-4A87-A0D4-C77D453A8DF8}.Debug|Any CPU.ActiveCfg = Debug|Any CPU
		{149D835B-6831-4A87-A0D4-C77D453A8DF8}.Debug|Any CPU.Build.0 = Debug|Any CPU
		{149D835B-6831-4A87-A0D4-C77D453A8DF8}.Release|Any CPU.ActiveCfg = Release|Any CPU
		{149D835B-6831-4A87-A0D4-C77D453A8DF8}.Release|Any CPU.Build.0 = Release|Any CPU
		{48847AF6-A6DA-433E-B9CD-8DDDF67B305B}.Debug|Any CPU.ActiveCfg = Debug|Any CPU
		{48847AF6-A6DA-433E-B9CD-8DDDF67B305B}.Debug|Any CPU.Build.0 = Debug|Any CPU
		{48847AF6-A6DA-433E-B9CD-8DDDF67B305B}.Release|Any CPU.ActiveCfg = Release|Any CPU
		{48847AF6-A6DA-433E-B9CD-8DDDF67B305B}.Release|Any CPU.Build.0 = Release|Any CPU
		{D5EE77C8-C1F7-45D9-B507-F3EB2F7DC49F}.Debug|Any CPU.ActiveCfg = Debug|Any CPU
		{D5EE77C8-C1F7-45D9-B507-F3EB2F7DC49F}.Debug|Any CPU.Build.0 = Debug|Any CPU
		{D5EE77C8-C1F7-45D9-B507-F3EB2F7DC49F}.Release|Any CPU.ActiveCfg = Release|Any CPU
		{D5EE77C8-C1F7-45D9-B507-F3EB2F7DC49F}.Release|Any CPU.Build.0 = Release|Any CPU
		{AC933196-E235-4AFA-A0FC-9B0CAEFE164A}.Debug|Any CPU.ActiveCfg = Debug|Any CPU
		{AC933196-E235-4AFA-A0FC-9B0CAEFE164A}.Debug|Any CPU.Build.0 = Debug|Any CPU
		{AC933196-E235-4AFA-A0FC-9B0CAEFE164A}.Release|Any CPU.ActiveCfg = Release|Any CPU
		{AC933196-E235-4AFA-A0FC-9B0CAEFE164A}.Release|Any CPU.Build.0 = Release|Any CPU
		{D174F8CC-51F1-4069-B78E-33DE1C1818A5}.Debug|Any CPU.ActiveCfg = Debug|Any CPU
		{D174F8CC-51F1-4069-B78E-33DE1C1818A5}.Debug|Any CPU.Build.0 = Debug|Any CPU
		{D174F8CC-51F1-4069-B78E-33DE1C1818A5}.Release|Any CPU.ActiveCfg = Release|Any CPU
		{D174F8CC-51F1-4069-B78E-33DE1C1818A5}.Release|Any CPU.Build.0 = Release|Any CPU
	EndGlobalSection
	GlobalSection(SolutionProperties) = preSolution
		HideSolutionNode = FALSE
	EndGlobalSection
	GlobalSection(ExtensibilityGlobals) = postSolution
		SolutionGuid = {7A6C4321-EC18-4C73-BE33-A4EF3190125B}
	EndGlobalSection
EndGlobal
