
Microsoft Visual Studio Solution File, Format Version 12.00
# Visual Studio Version 17
VisualStudioVersion = 17.0.31912.275
MinimumVisualStudioVersion = 10.0.40219.1
Project("{2150E333-8FDC-42A3-9474-1A3956D46DE8}") = "WeatherBonus", "WeatherBonus", "{10EFAD30-54C6-497D-8BA1-4CA494EC330F}"
EndProject
Project("{9A19103F-16F7-4668-BE54-9A1E7A4F7556}") = "ApiKeysData", "WeatherBonus\ApiKeysData\ApiKeysData.csproj", "{71D8E461-F4AC-4D43-9CDC-AAD66AD581F9}"
EndProject
Project("{9A19103F-16F7-4668-BE54-9A1E7A4F7556}") = "GetLocation", "WeatherBonus\GetLocation\GetLocation.csproj", "{BB333818-F94E-41FA-84D4-758C222B6C3A}"
EndProject
Project("{9A19103F-16F7-4668-BE54-9A1E7A4F7556}") = "OpenWeatherMapApi", "WeatherBonus\OpenWeatherMapApi\OpenWeatherMapApi.csproj", "{D22A332E-3EF6-4F90-9C39-A1E2208D7880}"
EndProject
Project("{9A19103F-16F7-4668-BE54-9A1E7A4F7556}") = "OpenWeatherMapApiTests", "WeatherBonus\OpenWeatherMapApiTests\OpenWeatherMapApiTests.csproj", "{BA613C85-DCC4-401B-B670-64EE521FCFF4}"
EndProject
Project("{9A19103F-16F7-4668-BE54-9A1E7A4F7556}") = "BonusHelper", "WeatherBonus\BonusHelper\BonusHelper.csproj", "{66D0D658-B37D-4ACD-9FD4-68066FD1DE31}"
EndProject
Project("{2150E333-8FDC-42A3-9474-1A3956D46DE8}") = "Models", "Models", "{F8A8A122-F9D2-449A-BEC3-1A3C85A1023B}"
EndProject
Project("{2150E333-8FDC-42A3-9474-1A3956D46DE8}") = "ViewModels", "ViewModels", "{707B5D16-C02A-4A4E-A642-E93F326857D6}"
EndProject
Project("{9A19103F-16F7-4668-BE54-9A1E7A4F7556}") = "Models", "Models\Models\Models.csproj", "{D01FBB39-1591-407F-AD75-0B46AB2294BC}"
EndProject
Project("{9A19103F-16F7-4668-BE54-9A1E7A4F7556}") = "ModelsTests", "Models\ModelsTests\ModelsTests.csproj", "{022A55E6-92E7-4CCC-95AF-98CCB01A4AAF}"
EndProject
Project("{9A19103F-16F7-4668-BE54-9A1E7A4F7556}") = "ServerApi", "Models\AspNetWebApi\ServerApi\ServerApi.csproj", "{8C9FD313-F98C-402B-B666-7CF1381AF1FB}"
EndProject
Project("{9A19103F-16F7-4668-BE54-9A1E7A4F7556}") = "ViewModelBase", "ViewModels\ViewModelBase\ViewModelBase.csproj", "{9B3327D9-FE1D-4372-BDE1-E36E64163EBC}"
EndProject
Project("{9A19103F-16F7-4668-BE54-9A1E7A4F7556}") = "ViewModels", "ViewModels\ViewModels\ViewModels.csproj", "{F0DFA989-5BBA-4A8D-A048-D4FD150D8C6B}"
EndProject
Project("{9A19103F-16F7-4668-BE54-9A1E7A4F7556}") = "WpfApp", "Views\WpfApp\WpfApp.csproj", "{4C4CE7B5-4462-480C-B983-F6DDD8E32C82}"
EndProject
Global
	GlobalSection(SolutionConfigurationPlatforms) = preSolution
		Debug|Any CPU = Debug|Any CPU
		Debug|ARM = Debug|ARM
		Debug|ARM64 = Debug|ARM64
		Debug|x64 = Debug|x64
		Debug|x86 = Debug|x86
		Release|Any CPU = Release|Any CPU
		Release|ARM = Release|ARM
		Release|ARM64 = Release|ARM64
		Release|x64 = Release|x64
		Release|x86 = Release|x86
	EndGlobalSection
	GlobalSection(ProjectConfigurationPlatforms) = postSolution
		{71D8E461-F4AC-4D43-9CDC-AAD66AD581F9}.Debug|Any CPU.ActiveCfg = Debug|Any CPU
		{71D8E461-F4AC-4D43-9CDC-AAD66AD581F9}.Debug|Any CPU.Build.0 = Debug|Any CPU
		{71D8E461-F4AC-4D43-9CDC-AAD66AD581F9}.Debug|ARM.ActiveCfg = Debug|Any CPU
		{71D8E461-F4AC-4D43-9CDC-AAD66AD581F9}.Debug|ARM.Build.0 = Debug|Any CPU
		{71D8E461-F4AC-4D43-9CDC-AAD66AD581F9}.Debug|ARM64.ActiveCfg = Debug|Any CPU
		{71D8E461-F4AC-4D43-9CDC-AAD66AD581F9}.Debug|ARM64.Build.0 = Debug|Any CPU
		{71D8E461-F4AC-4D43-9CDC-AAD66AD581F9}.Debug|x64.ActiveCfg = Debug|Any CPU
		{71D8E461-F4AC-4D43-9CDC-AAD66AD581F9}.Debug|x64.Build.0 = Debug|Any CPU
		{71D8E461-F4AC-4D43-9CDC-AAD66AD581F9}.Debug|x86.ActiveCfg = Debug|Any CPU
		{71D8E461-F4AC-4D43-9CDC-AAD66AD581F9}.Debug|x86.Build.0 = Debug|Any CPU
		{71D8E461-F4AC-4D43-9CDC-AAD66AD581F9}.Release|Any CPU.ActiveCfg = Release|Any CPU
		{71D8E461-F4AC-4D43-9CDC-AAD66AD581F9}.Release|Any CPU.Build.0 = Release|Any CPU
		{71D8E461-F4AC-4D43-9CDC-AAD66AD581F9}.Release|ARM.ActiveCfg = Release|Any CPU
		{71D8E461-F4AC-4D43-9CDC-AAD66AD581F9}.Release|ARM.Build.0 = Release|Any CPU
		{71D8E461-F4AC-4D43-9CDC-AAD66AD581F9}.Release|ARM64.ActiveCfg = Release|Any CPU
		{71D8E461-F4AC-4D43-9CDC-AAD66AD581F9}.Release|ARM64.Build.0 = Release|Any CPU
		{71D8E461-F4AC-4D43-9CDC-AAD66AD581F9}.Release|x64.ActiveCfg = Release|Any CPU
		{71D8E461-F4AC-4D43-9CDC-AAD66AD581F9}.Release|x64.Build.0 = Release|Any CPU
		{71D8E461-F4AC-4D43-9CDC-AAD66AD581F9}.Release|x86.ActiveCfg = Release|Any CPU
		{71D8E461-F4AC-4D43-9CDC-AAD66AD581F9}.Release|x86.Build.0 = Release|Any CPU
		{BB333818-F94E-41FA-84D4-758C222B6C3A}.Debug|Any CPU.ActiveCfg = Debug|Any CPU
		{BB333818-F94E-41FA-84D4-758C222B6C3A}.Debug|Any CPU.Build.0 = Debug|Any CPU
		{BB333818-F94E-41FA-84D4-758C222B6C3A}.Debug|ARM.ActiveCfg = Debug|Any CPU
		{BB333818-F94E-41FA-84D4-758C222B6C3A}.Debug|ARM.Build.0 = Debug|Any CPU
		{BB333818-F94E-41FA-84D4-758C222B6C3A}.Debug|ARM64.ActiveCfg = Debug|Any CPU
		{BB333818-F94E-41FA-84D4-758C222B6C3A}.Debug|ARM64.Build.0 = Debug|Any CPU
		{BB333818-F94E-41FA-84D4-758C222B6C3A}.Debug|x64.ActiveCfg = Debug|Any CPU
		{BB333818-F94E-41FA-84D4-758C222B6C3A}.Debug|x64.Build.0 = Debug|Any CPU
		{BB333818-F94E-41FA-84D4-758C222B6C3A}.Debug|x86.ActiveCfg = Debug|Any CPU
		{BB333818-F94E-41FA-84D4-758C222B6C3A}.Debug|x86.Build.0 = Debug|Any CPU
		{BB333818-F94E-41FA-84D4-758C222B6C3A}.Release|Any CPU.ActiveCfg = Release|Any CPU
		{BB333818-F94E-41FA-84D4-758C222B6C3A}.Release|Any CPU.Build.0 = Release|Any CPU
		{BB333818-F94E-41FA-84D4-758C222B6C3A}.Release|ARM.ActiveCfg = Release|Any CPU
		{BB333818-F94E-41FA-84D4-758C222B6C3A}.Release|ARM.Build.0 = Release|Any CPU
		{BB333818-F94E-41FA-84D4-758C222B6C3A}.Release|ARM64.ActiveCfg = Release|Any CPU
		{BB333818-F94E-41FA-84D4-758C222B6C3A}.Release|ARM64.Build.0 = Release|Any CPU
		{BB333818-F94E-41FA-84D4-758C222B6C3A}.Release|x64.ActiveCfg = Release|Any CPU
		{BB333818-F94E-41FA-84D4-758C222B6C3A}.Release|x64.Build.0 = Release|Any CPU
		{BB333818-F94E-41FA-84D4-758C222B6C3A}.Release|x86.ActiveCfg = Release|Any CPU
		{BB333818-F94E-41FA-84D4-758C222B6C3A}.Release|x86.Build.0 = Release|Any CPU
		{D22A332E-3EF6-4F90-9C39-A1E2208D7880}.Debug|Any CPU.ActiveCfg = Debug|Any CPU
		{D22A332E-3EF6-4F90-9C39-A1E2208D7880}.Debug|Any CPU.Build.0 = Debug|Any CPU
		{D22A332E-3EF6-4F90-9C39-A1E2208D7880}.Debug|ARM.ActiveCfg = Debug|Any CPU
		{D22A332E-3EF6-4F90-9C39-A1E2208D7880}.Debug|ARM.Build.0 = Debug|Any CPU
		{D22A332E-3EF6-4F90-9C39-A1E2208D7880}.Debug|ARM64.ActiveCfg = Debug|Any CPU
		{D22A332E-3EF6-4F90-9C39-A1E2208D7880}.Debug|ARM64.Build.0 = Debug|Any CPU
		{D22A332E-3EF6-4F90-9C39-A1E2208D7880}.Debug|x64.ActiveCfg = Debug|Any CPU
		{D22A332E-3EF6-4F90-9C39-A1E2208D7880}.Debug|x64.Build.0 = Debug|Any CPU
		{D22A332E-3EF6-4F90-9C39-A1E2208D7880}.Debug|x86.ActiveCfg = Debug|Any CPU
		{D22A332E-3EF6-4F90-9C39-A1E2208D7880}.Debug|x86.Build.0 = Debug|Any CPU
		{D22A332E-3EF6-4F90-9C39-A1E2208D7880}.Release|Any CPU.ActiveCfg = Release|Any CPU
		{D22A332E-3EF6-4F90-9C39-A1E2208D7880}.Release|Any CPU.Build.0 = Release|Any CPU
		{D22A332E-3EF6-4F90-9C39-A1E2208D7880}.Release|ARM.ActiveCfg = Release|Any CPU
		{D22A332E-3EF6-4F90-9C39-A1E2208D7880}.Release|ARM.Build.0 = Release|Any CPU
		{D22A332E-3EF6-4F90-9C39-A1E2208D7880}.Release|ARM64.ActiveCfg = Release|Any CPU
		{D22A332E-3EF6-4F90-9C39-A1E2208D7880}.Release|ARM64.Build.0 = Release|Any CPU
		{D22A332E-3EF6-4F90-9C39-A1E2208D7880}.Release|x64.ActiveCfg = Release|Any CPU
		{D22A332E-3EF6-4F90-9C39-A1E2208D7880}.Release|x64.Build.0 = Release|Any CPU
		{D22A332E-3EF6-4F90-9C39-A1E2208D7880}.Release|x86.ActiveCfg = Release|Any CPU
		{D22A332E-3EF6-4F90-9C39-A1E2208D7880}.Release|x86.Build.0 = Release|Any CPU
		{BA613C85-DCC4-401B-B670-64EE521FCFF4}.Debug|Any CPU.ActiveCfg = Debug|Any CPU
		{BA613C85-DCC4-401B-B670-64EE521FCFF4}.Debug|Any CPU.Build.0 = Debug|Any CPU
		{BA613C85-DCC4-401B-B670-64EE521FCFF4}.Debug|ARM.ActiveCfg = Debug|Any CPU
		{BA613C85-DCC4-401B-B670-64EE521FCFF4}.Debug|ARM.Build.0 = Debug|Any CPU
		{BA613C85-DCC4-401B-B670-64EE521FCFF4}.Debug|ARM64.ActiveCfg = Debug|Any CPU
		{BA613C85-DCC4-401B-B670-64EE521FCFF4}.Debug|ARM64.Build.0 = Debug|Any CPU
		{BA613C85-DCC4-401B-B670-64EE521FCFF4}.Debug|x64.ActiveCfg = Debug|Any CPU
		{BA613C85-DCC4-401B-B670-64EE521FCFF4}.Debug|x64.Build.0 = Debug|Any CPU
		{BA613C85-DCC4-401B-B670-64EE521FCFF4}.Debug|x86.ActiveCfg = Debug|Any CPU
		{BA613C85-DCC4-401B-B670-64EE521FCFF4}.Debug|x86.Build.0 = Debug|Any CPU
		{BA613C85-DCC4-401B-B670-64EE521FCFF4}.Release|Any CPU.ActiveCfg = Release|Any CPU
		{BA613C85-DCC4-401B-B670-64EE521FCFF4}.Release|Any CPU.Build.0 = Release|Any CPU
		{BA613C85-DCC4-401B-B670-64EE521FCFF4}.Release|ARM.ActiveCfg = Release|Any CPU
		{BA613C85-DCC4-401B-B670-64EE521FCFF4}.Release|ARM.Build.0 = Release|Any CPU
		{BA613C85-DCC4-401B-B670-64EE521FCFF4}.Release|ARM64.ActiveCfg = Release|Any CPU
		{BA613C85-DCC4-401B-B670-64EE521FCFF4}.Release|ARM64.Build.0 = Release|Any CPU
		{BA613C85-DCC4-401B-B670-64EE521FCFF4}.Release|x64.ActiveCfg = Release|Any CPU
		{BA613C85-DCC4-401B-B670-64EE521FCFF4}.Release|x64.Build.0 = Release|Any CPU
		{BA613C85-DCC4-401B-B670-64EE521FCFF4}.Release|x86.ActiveCfg = Release|Any CPU
		{BA613C85-DCC4-401B-B670-64EE521FCFF4}.Release|x86.Build.0 = Release|Any CPU
		{66D0D658-B37D-4ACD-9FD4-68066FD1DE31}.Debug|Any CPU.ActiveCfg = Debug|Any CPU
		{66D0D658-B37D-4ACD-9FD4-68066FD1DE31}.Debug|Any CPU.Build.0 = Debug|Any CPU
		{66D0D658-B37D-4ACD-9FD4-68066FD1DE31}.Debug|ARM.ActiveCfg = Debug|Any CPU
		{66D0D658-B37D-4ACD-9FD4-68066FD1DE31}.Debug|ARM.Build.0 = Debug|Any CPU
		{66D0D658-B37D-4ACD-9FD4-68066FD1DE31}.Debug|ARM64.ActiveCfg = Debug|Any CPU
		{66D0D658-B37D-4ACD-9FD4-68066FD1DE31}.Debug|ARM64.Build.0 = Debug|Any CPU
		{66D0D658-B37D-4ACD-9FD4-68066FD1DE31}.Debug|x64.ActiveCfg = Debug|Any CPU
		{66D0D658-B37D-4ACD-9FD4-68066FD1DE31}.Debug|x64.Build.0 = Debug|Any CPU
		{66D0D658-B37D-4ACD-9FD4-68066FD1DE31}.Debug|x86.ActiveCfg = Debug|Any CPU
		{66D0D658-B37D-4ACD-9FD4-68066FD1DE31}.Debug|x86.Build.0 = Debug|Any CPU
		{66D0D658-B37D-4ACD-9FD4-68066FD1DE31}.Release|Any CPU.ActiveCfg = Release|Any CPU
		{66D0D658-B37D-4ACD-9FD4-68066FD1DE31}.Release|Any CPU.Build.0 = Release|Any CPU
		{66D0D658-B37D-4ACD-9FD4-68066FD1DE31}.Release|ARM.ActiveCfg = Release|Any CPU
		{66D0D658-B37D-4ACD-9FD4-68066FD1DE31}.Release|ARM.Build.0 = Release|Any CPU
		{66D0D658-B37D-4ACD-9FD4-68066FD1DE31}.Release|ARM64.ActiveCfg = Release|Any CPU
		{66D0D658-B37D-4ACD-9FD4-68066FD1DE31}.Release|ARM64.Build.0 = Release|Any CPU
		{66D0D658-B37D-4ACD-9FD4-68066FD1DE31}.Release|x64.ActiveCfg = Release|Any CPU
		{66D0D658-B37D-4ACD-9FD4-68066FD1DE31}.Release|x64.Build.0 = Release|Any CPU
		{66D0D658-B37D-4ACD-9FD4-68066FD1DE31}.Release|x86.ActiveCfg = Release|Any CPU
		{66D0D658-B37D-4ACD-9FD4-68066FD1DE31}.Release|x86.Build.0 = Release|Any CPU
		{D01FBB39-1591-407F-AD75-0B46AB2294BC}.Debug|Any CPU.ActiveCfg = Debug|Any CPU
		{D01FBB39-1591-407F-AD75-0B46AB2294BC}.Debug|Any CPU.Build.0 = Debug|Any CPU
		{D01FBB39-1591-407F-AD75-0B46AB2294BC}.Debug|ARM.ActiveCfg = Debug|Any CPU
		{D01FBB39-1591-407F-AD75-0B46AB2294BC}.Debug|ARM.Build.0 = Debug|Any CPU
		{D01FBB39-1591-407F-AD75-0B46AB2294BC}.Debug|ARM64.ActiveCfg = Debug|Any CPU
		{D01FBB39-1591-407F-AD75-0B46AB2294BC}.Debug|ARM64.Build.0 = Debug|Any CPU
		{D01FBB39-1591-407F-AD75-0B46AB2294BC}.Debug|x64.ActiveCfg = Debug|Any CPU
		{D01FBB39-1591-407F-AD75-0B46AB2294BC}.Debug|x64.Build.0 = Debug|Any CPU
		{D01FBB39-1591-407F-AD75-0B46AB2294BC}.Debug|x86.ActiveCfg = Debug|Any CPU
		{D01FBB39-1591-407F-AD75-0B46AB2294BC}.Debug|x86.Build.0 = Debug|Any CPU
		{D01FBB39-1591-407F-AD75-0B46AB2294BC}.Release|Any CPU.ActiveCfg = Release|Any CPU
		{D01FBB39-1591-407F-AD75-0B46AB2294BC}.Release|Any CPU.Build.0 = Release|Any CPU
		{D01FBB39-1591-407F-AD75-0B46AB2294BC}.Release|ARM.ActiveCfg = Release|Any CPU
		{D01FBB39-1591-407F-AD75-0B46AB2294BC}.Release|ARM.Build.0 = Release|Any CPU
		{D01FBB39-1591-407F-AD75-0B46AB2294BC}.Release|ARM64.ActiveCfg = Release|Any CPU
		{D01FBB39-1591-407F-AD75-0B46AB2294BC}.Release|ARM64.Build.0 = Release|Any CPU
		{D01FBB39-1591-407F-AD75-0B46AB2294BC}.Release|x64.ActiveCfg = Release|Any CPU
		{D01FBB39-1591-407F-AD75-0B46AB2294BC}.Release|x64.Build.0 = Release|Any CPU
		{D01FBB39-1591-407F-AD75-0B46AB2294BC}.Release|x86.ActiveCfg = Release|Any CPU
		{D01FBB39-1591-407F-AD75-0B46AB2294BC}.Release|x86.Build.0 = Release|Any CPU
		{022A55E6-92E7-4CCC-95AF-98CCB01A4AAF}.Debug|Any CPU.ActiveCfg = Debug|Any CPU
		{022A55E6-92E7-4CCC-95AF-98CCB01A4AAF}.Debug|Any CPU.Build.0 = Debug|Any CPU
		{022A55E6-92E7-4CCC-95AF-98CCB01A4AAF}.Debug|ARM.ActiveCfg = Debug|Any CPU
		{022A55E6-92E7-4CCC-95AF-98CCB01A4AAF}.Debug|ARM.Build.0 = Debug|Any CPU
		{022A55E6-92E7-4CCC-95AF-98CCB01A4AAF}.Debug|ARM64.ActiveCfg = Debug|Any CPU
		{022A55E6-92E7-4CCC-95AF-98CCB01A4AAF}.Debug|ARM64.Build.0 = Debug|Any CPU
		{022A55E6-92E7-4CCC-95AF-98CCB01A4AAF}.Debug|x64.ActiveCfg = Debug|Any CPU
		{022A55E6-92E7-4CCC-95AF-98CCB01A4AAF}.Debug|x64.Build.0 = Debug|Any CPU
		{022A55E6-92E7-4CCC-95AF-98CCB01A4AAF}.Debug|x86.ActiveCfg = Debug|Any CPU
		{022A55E6-92E7-4CCC-95AF-98CCB01A4AAF}.Debug|x86.Build.0 = Debug|Any CPU
		{022A55E6-92E7-4CCC-95AF-98CCB01A4AAF}.Release|Any CPU.ActiveCfg = Release|Any CPU
		{022A55E6-92E7-4CCC-95AF-98CCB01A4AAF}.Release|Any CPU.Build.0 = Release|Any CPU
		{022A55E6-92E7-4CCC-95AF-98CCB01A4AAF}.Release|ARM.ActiveCfg = Release|Any CPU
		{022A55E6-92E7-4CCC-95AF-98CCB01A4AAF}.Release|ARM.Build.0 = Release|Any CPU
		{022A55E6-92E7-4CCC-95AF-98CCB01A4AAF}.Release|ARM64.ActiveCfg = Release|Any CPU
		{022A55E6-92E7-4CCC-95AF-98CCB01A4AAF}.Release|ARM64.Build.0 = Release|Any CPU
		{022A55E6-92E7-4CCC-95AF-98CCB01A4AAF}.Release|x64.ActiveCfg = Release|Any CPU
		{022A55E6-92E7-4CCC-95AF-98CCB01A4AAF}.Release|x64.Build.0 = Release|Any CPU
		{022A55E6-92E7-4CCC-95AF-98CCB01A4AAF}.Release|x86.ActiveCfg = Release|Any CPU
		{022A55E6-92E7-4CCC-95AF-98CCB01A4AAF}.Release|x86.Build.0 = Release|Any CPU
		{8C9FD313-F98C-402B-B666-7CF1381AF1FB}.Debug|Any CPU.ActiveCfg = Debug|Any CPU
		{8C9FD313-F98C-402B-B666-7CF1381AF1FB}.Debug|Any CPU.Build.0 = Debug|Any CPU
		{8C9FD313-F98C-402B-B666-7CF1381AF1FB}.Debug|ARM.ActiveCfg = Debug|Any CPU
		{8C9FD313-F98C-402B-B666-7CF1381AF1FB}.Debug|ARM.Build.0 = Debug|Any CPU
		{8C9FD313-F98C-402B-B666-7CF1381AF1FB}.Debug|ARM64.ActiveCfg = Debug|Any CPU
		{8C9FD313-F98C-402B-B666-7CF1381AF1FB}.Debug|ARM64.Build.0 = Debug|Any CPU
		{8C9FD313-F98C-402B-B666-7CF1381AF1FB}.Debug|x64.ActiveCfg = Debug|Any CPU
		{8C9FD313-F98C-402B-B666-7CF1381AF1FB}.Debug|x64.Build.0 = Debug|Any CPU
		{8C9FD313-F98C-402B-B666-7CF1381AF1FB}.Debug|x86.ActiveCfg = Debug|Any CPU
		{8C9FD313-F98C-402B-B666-7CF1381AF1FB}.Debug|x86.Build.0 = Debug|Any CPU
		{8C9FD313-F98C-402B-B666-7CF1381AF1FB}.Release|Any CPU.ActiveCfg = Release|Any CPU
		{8C9FD313-F98C-402B-B666-7CF1381AF1FB}.Release|Any CPU.Build.0 = Release|Any CPU
		{8C9FD313-F98C-402B-B666-7CF1381AF1FB}.Release|ARM.ActiveCfg = Release|Any CPU
		{8C9FD313-F98C-402B-B666-7CF1381AF1FB}.Release|ARM.Build.0 = Release|Any CPU
		{8C9FD313-F98C-402B-B666-7CF1381AF1FB}.Release|ARM64.ActiveCfg = Release|Any CPU
		{8C9FD313-F98C-402B-B666-7CF1381AF1FB}.Release|ARM64.Build.0 = Release|Any CPU
		{8C9FD313-F98C-402B-B666-7CF1381AF1FB}.Release|x64.ActiveCfg = Release|Any CPU
		{8C9FD313-F98C-402B-B666-7CF1381AF1FB}.Release|x64.Build.0 = Release|Any CPU
		{8C9FD313-F98C-402B-B666-7CF1381AF1FB}.Release|x86.ActiveCfg = Release|Any CPU
		{8C9FD313-F98C-402B-B666-7CF1381AF1FB}.Release|x86.Build.0 = Release|Any CPU
		{9B3327D9-FE1D-4372-BDE1-E36E64163EBC}.Debug|Any CPU.ActiveCfg = Debug|Any CPU
		{9B3327D9-FE1D-4372-BDE1-E36E64163EBC}.Debug|Any CPU.Build.0 = Debug|Any CPU
		{9B3327D9-FE1D-4372-BDE1-E36E64163EBC}.Debug|ARM.ActiveCfg = Debug|Any CPU
		{9B3327D9-FE1D-4372-BDE1-E36E64163EBC}.Debug|ARM.Build.0 = Debug|Any CPU
		{9B3327D9-FE1D-4372-BDE1-E36E64163EBC}.Debug|ARM64.ActiveCfg = Debug|Any CPU
		{9B3327D9-FE1D-4372-BDE1-E36E64163EBC}.Debug|ARM64.Build.0 = Debug|Any CPU
		{9B3327D9-FE1D-4372-BDE1-E36E64163EBC}.Debug|x64.ActiveCfg = Debug|Any CPU
		{9B3327D9-FE1D-4372-BDE1-E36E64163EBC}.Debug|x64.Build.0 = Debug|Any CPU
		{9B3327D9-FE1D-4372-BDE1-E36E64163EBC}.Debug|x86.ActiveCfg = Debug|Any CPU
		{9B3327D9-FE1D-4372-BDE1-E36E64163EBC}.Debug|x86.Build.0 = Debug|Any CPU
		{9B3327D9-FE1D-4372-BDE1-E36E64163EBC}.Release|Any CPU.ActiveCfg = Release|Any CPU
		{9B3327D9-FE1D-4372-BDE1-E36E64163EBC}.Release|Any CPU.Build.0 = Release|Any CPU
		{9B3327D9-FE1D-4372-BDE1-E36E64163EBC}.Release|ARM.ActiveCfg = Release|Any CPU
		{9B3327D9-FE1D-4372-BDE1-E36E64163EBC}.Release|ARM.Build.0 = Release|Any CPU
		{9B3327D9-FE1D-4372-BDE1-E36E64163EBC}.Release|ARM64.ActiveCfg = Release|Any CPU
		{9B3327D9-FE1D-4372-BDE1-E36E64163EBC}.Release|ARM64.Build.0 = Release|Any CPU
		{9B3327D9-FE1D-4372-BDE1-E36E64163EBC}.Release|x64.ActiveCfg = Release|Any CPU
		{9B3327D9-FE1D-4372-BDE1-E36E64163EBC}.Release|x64.Build.0 = Release|Any CPU
		{9B3327D9-FE1D-4372-BDE1-E36E64163EBC}.Release|x86.ActiveCfg = Release|Any CPU
		{9B3327D9-FE1D-4372-BDE1-E36E64163EBC}.Release|x86.Build.0 = Release|Any CPU
		{F0DFA989-5BBA-4A8D-A048-D4FD150D8C6B}.Debug|Any CPU.ActiveCfg = Debug|Any CPU
		{F0DFA989-5BBA-4A8D-A048-D4FD150D8C6B}.Debug|Any CPU.Build.0 = Debug|Any CPU
		{F0DFA989-5BBA-4A8D-A048-D4FD150D8C6B}.Debug|ARM.ActiveCfg = Debug|Any CPU
		{F0DFA989-5BBA-4A8D-A048-D4FD150D8C6B}.Debug|ARM.Build.0 = Debug|Any CPU
		{F0DFA989-5BBA-4A8D-A048-D4FD150D8C6B}.Debug|ARM64.ActiveCfg = Debug|Any CPU
		{F0DFA989-5BBA-4A8D-A048-D4FD150D8C6B}.Debug|ARM64.Build.0 = Debug|Any CPU
		{F0DFA989-5BBA-4A8D-A048-D4FD150D8C6B}.Debug|x64.ActiveCfg = Debug|Any CPU
		{F0DFA989-5BBA-4A8D-A048-D4FD150D8C6B}.Debug|x64.Build.0 = Debug|Any CPU
		{F0DFA989-5BBA-4A8D-A048-D4FD150D8C6B}.Debug|x86.ActiveCfg = Debug|Any CPU
		{F0DFA989-5BBA-4A8D-A048-D4FD150D8C6B}.Debug|x86.Build.0 = Debug|Any CPU
		{F0DFA989-5BBA-4A8D-A048-D4FD150D8C6B}.Release|Any CPU.ActiveCfg = Release|Any CPU
		{F0DFA989-5BBA-4A8D-A048-D4FD150D8C6B}.Release|Any CPU.Build.0 = Release|Any CPU
		{F0DFA989-5BBA-4A8D-A048-D4FD150D8C6B}.Release|ARM.ActiveCfg = Release|Any CPU
		{F0DFA989-5BBA-4A8D-A048-D4FD150D8C6B}.Release|ARM.Build.0 = Release|Any CPU
		{F0DFA989-5BBA-4A8D-A048-D4FD150D8C6B}.Release|ARM64.ActiveCfg = Release|Any CPU
		{F0DFA989-5BBA-4A8D-A048-D4FD150D8C6B}.Release|ARM64.Build.0 = Release|Any CPU
		{F0DFA989-5BBA-4A8D-A048-D4FD150D8C6B}.Release|x64.ActiveCfg = Release|Any CPU
		{F0DFA989-5BBA-4A8D-A048-D4FD150D8C6B}.Release|x64.Build.0 = Release|Any CPU
		{F0DFA989-5BBA-4A8D-A048-D4FD150D8C6B}.Release|x86.ActiveCfg = Release|Any CPU
		{F0DFA989-5BBA-4A8D-A048-D4FD150D8C6B}.Release|x86.Build.0 = Release|Any CPU
		{4C4CE7B5-4462-480C-B983-F6DDD8E32C82}.Debug|Any CPU.ActiveCfg = Debug|Any CPU
		{4C4CE7B5-4462-480C-B983-F6DDD8E32C82}.Debug|Any CPU.Build.0 = Debug|Any CPU
		{4C4CE7B5-4462-480C-B983-F6DDD8E32C82}.Debug|ARM.ActiveCfg = Debug|Any CPU
		{4C4CE7B5-4462-480C-B983-F6DDD8E32C82}.Debug|ARM.Build.0 = Debug|Any CPU
		{4C4CE7B5-4462-480C-B983-F6DDD8E32C82}.Debug|ARM64.ActiveCfg = Debug|Any CPU
		{4C4CE7B5-4462-480C-B983-F6DDD8E32C82}.Debug|ARM64.Build.0 = Debug|Any CPU
		{4C4CE7B5-4462-480C-B983-F6DDD8E32C82}.Debug|x64.ActiveCfg = Debug|Any CPU
		{4C4CE7B5-4462-480C-B983-F6DDD8E32C82}.Debug|x64.Build.0 = Debug|Any CPU
		{4C4CE7B5-4462-480C-B983-F6DDD8E32C82}.Debug|x86.ActiveCfg = Debug|Any CPU
		{4C4CE7B5-4462-480C-B983-F6DDD8E32C82}.Debug|x86.Build.0 = Debug|Any CPU
		{4C4CE7B5-4462-480C-B983-F6DDD8E32C82}.Release|Any CPU.ActiveCfg = Release|Any CPU
		{4C4CE7B5-4462-480C-B983-F6DDD8E32C82}.Release|Any CPU.Build.0 = Release|Any CPU
		{4C4CE7B5-4462-480C-B983-F6DDD8E32C82}.Release|ARM.ActiveCfg = Release|Any CPU
		{4C4CE7B5-4462-480C-B983-F6DDD8E32C82}.Release|ARM.Build.0 = Release|Any CPU
		{4C4CE7B5-4462-480C-B983-F6DDD8E32C82}.Release|ARM64.ActiveCfg = Release|Any CPU
		{4C4CE7B5-4462-480C-B983-F6DDD8E32C82}.Release|ARM64.Build.0 = Release|Any CPU
		{4C4CE7B5-4462-480C-B983-F6DDD8E32C82}.Release|x64.ActiveCfg = Release|Any CPU
		{4C4CE7B5-4462-480C-B983-F6DDD8E32C82}.Release|x64.Build.0 = Release|Any CPU
		{4C4CE7B5-4462-480C-B983-F6DDD8E32C82}.Release|x86.ActiveCfg = Release|Any CPU
		{4C4CE7B5-4462-480C-B983-F6DDD8E32C82}.Release|x86.Build.0 = Release|Any CPU
	EndGlobalSection
	GlobalSection(SolutionProperties) = preSolution
		HideSolutionNode = FALSE
	EndGlobalSection
	GlobalSection(NestedProjects) = preSolution
		{71D8E461-F4AC-4D43-9CDC-AAD66AD581F9} = {10EFAD30-54C6-497D-8BA1-4CA494EC330F}
		{BB333818-F94E-41FA-84D4-758C222B6C3A} = {10EFAD30-54C6-497D-8BA1-4CA494EC330F}
		{D22A332E-3EF6-4F90-9C39-A1E2208D7880} = {10EFAD30-54C6-497D-8BA1-4CA494EC330F}
		{BA613C85-DCC4-401B-B670-64EE521FCFF4} = {10EFAD30-54C6-497D-8BA1-4CA494EC330F}
		{66D0D658-B37D-4ACD-9FD4-68066FD1DE31} = {10EFAD30-54C6-497D-8BA1-4CA494EC330F}
		{D01FBB39-1591-407F-AD75-0B46AB2294BC} = {F8A8A122-F9D2-449A-BEC3-1A3C85A1023B}
		{022A55E6-92E7-4CCC-95AF-98CCB01A4AAF} = {F8A8A122-F9D2-449A-BEC3-1A3C85A1023B}
		{8C9FD313-F98C-402B-B666-7CF1381AF1FB} = {F8A8A122-F9D2-449A-BEC3-1A3C85A1023B}
		{9B3327D9-FE1D-4372-BDE1-E36E64163EBC} = {707B5D16-C02A-4A4E-A642-E93F326857D6}
		{F0DFA989-5BBA-4A8D-A048-D4FD150D8C6B} = {707B5D16-C02A-4A4E-A642-E93F326857D6}
	EndGlobalSection
	GlobalSection(ExtensibilityGlobals) = postSolution
		SolutionGuid = {4881DA94-753C-42DA-93BB-DC9819E428F0}
	EndGlobalSection
EndGlobal
